
Microsoft Visual Studio Solution File, Format Version 12.00
# Visual Studio Version 16
VisualStudioVersion = 16.0.31129.286
MinimumVisualStudioVersion = 10.0.40219.1
Project("{FAE04EC0-301F-11D3-BF4B-00C04F79EFBC}") = "API_ISDb", "API_ISDb.csproj", "{1BEE96B3-DB5B-4E6D-B78B-45BBB78870B6}"
EndProject
Global
	GlobalSection(SolutionConfigurationPlatforms) = preSolution
		Debug|Any CPU = Debug|Any CPU
		Release|Any CPU = Release|Any CPU
	EndGlobalSection
	GlobalSection(ProjectConfigurationPlatforms) = postSolution
		{1BEE96B3-DB5B-4E6D-B78B-45BBB78870B6}.Debug|Any CPU.ActiveCfg = Debug|Any CPU
		{1BEE96B3-DB5B-4E6D-B78B-45BBB78870B6}.Debug|Any CPU.Build.0 = Debug|Any CPU
		{1BEE96B3-DB5B-4E6D-B78B-45BBB78870B6}.Release|Any CPU.ActiveCfg = Release|Any CPU
		{1BEE96B3-DB5B-4E6D-B78B-45BBB78870B6}.Release|Any CPU.Build.0 = Release|Any CPU
	EndGlobalSection
	GlobalSection(SolutionProperties) = preSolution
		HideSolutionNode = FALSE
	EndGlobalSection
	GlobalSection(ExtensibilityGlobals) = postSolution
		SolutionGuid = {FE2570D5-6614-4E67-8016-4E15801CC430}
	EndGlobalSection
EndGlobal
